
Microsoft Visual Studio Solution File, Format Version 12.00
# Visual Studio Version 17
VisualStudioVersion = 17.1.32210.238
MinimumVisualStudioVersion = 10.0.40219.1
Project("{9A19103F-16F7-4668-BE54-9A1E7A4F7556}") = "Authorization_System.API", "Authorization_System.API\Authorization_System.API.csproj", "{30924CD9-7A2F-492C-87C9-47213AD77C06}"
EndProject
Project("{9A19103F-16F7-4668-BE54-9A1E7A4F7556}") = "Authorization_System.DataAccessLayer", "Authorization_System.DataAccessLayer\Authorization_System.DataAccessLayer.csproj", "{55A53FD4-0CF1-4280-86F2-926F9C67E577}"
EndProject
Global
	GlobalSection(SolutionConfigurationPlatforms) = preSolution
		Debug|Any CPU = Debug|Any CPU
		Release|Any CPU = Release|Any CPU
	EndGlobalSection
	GlobalSection(ProjectConfigurationPlatforms) = postSolution
		{30924CD9-7A2F-492C-87C9-47213AD77C06}.Debug|Any CPU.ActiveCfg = Debug|Any CPU
		{30924CD9-7A2F-492C-87C9-47213AD77C06}.Debug|Any CPU.Build.0 = Debug|Any CPU
		{30924CD9-7A2F-492C-87C9-47213AD77C06}.Release|Any CPU.ActiveCfg = Release|Any CPU
		{30924CD9-7A2F-492C-87C9-47213AD77C06}.Release|Any CPU.Build.0 = Release|Any CPU
		{55A53FD4-0CF1-4280-86F2-926F9C67E577}.Debug|Any CPU.ActiveCfg = Debug|Any CPU
		{55A53FD4-0CF1-4280-86F2-926F9C67E577}.Debug|Any CPU.Build.0 = Debug|Any CPU
		{55A53FD4-0CF1-4280-86F2-926F9C67E577}.Release|Any CPU.ActiveCfg = Release|Any CPU
		{55A53FD4-0CF1-4280-86F2-926F9C67E577}.Release|Any CPU.Build.0 = Release|Any CPU
	EndGlobalSection
	GlobalSection(SolutionProperties) = preSolution
		HideSolutionNode = FALSE
	EndGlobalSection
	GlobalSection(ExtensibilityGlobals) = postSolution
		SolutionGuid = {536CF924-8688-4A8E-BA8F-44220420659E}
	EndGlobalSection
EndGlobal
